
Microsoft Visual Studio Solution File, Format Version 12.00
# Visual Studio Version 17
VisualStudioVersion = 17.14.36414.22 d17.14
MinimumVisualStudioVersion = 10.0.40219.1
Project("{FAE04EC0-301F-11D3-BF4B-00C04F79EFBC}") = "GuessTheNumber", "GuessTheNumber\GuessTheNumber.csproj", "{3974883D-63BB-4376-874C-DEF08D6F41A5}"
EndProject
Project("{FAE04EC0-301F-11D3-BF4B-00C04F79EFBC}") = "GuessTheNumberPrettified", "GuessTheNumberPrettified\GuessTheNumberPrettified.csproj", "{0728A549-893E-415D-8A3F-179A87BB3EE9}"
EndProject
Global
	GlobalSection(SolutionConfigurationPlatforms) = preSolution
		Debug|Any CPU = Debug|Any CPU
		Release|Any CPU = Release|Any CPU
	EndGlobalSection
	GlobalSection(ProjectConfigurationPlatforms) = postSolution
		{3974883D-63BB-4376-874C-DEF08D6F41A5}.Debug|Any CPU.ActiveCfg = Debug|Any CPU
		{3974883D-63BB-4376-874C-DEF08D6F41A5}.Debug|Any CPU.Build.0 = Debug|Any CPU
		{3974883D-63BB-4376-874C-DEF08D6F41A5}.Release|Any CPU.ActiveCfg = Release|Any CPU
		{3974883D-63BB-4376-874C-DEF08D6F41A5}.Release|Any CPU.Build.0 = Release|Any CPU
		{0728A549-893E-415D-8A3F-179A87BB3EE9}.Debug|Any CPU.ActiveCfg = Debug|Any CPU
		{0728A549-893E-415D-8A3F-179A87BB3EE9}.Debug|Any CPU.Build.0 = Debug|Any CPU
		{0728A549-893E-415D-8A3F-179A87BB3EE9}.Release|Any CPU.ActiveCfg = Release|Any CPU
		{0728A549-893E-415D-8A3F-179A87BB3EE9}.Release|Any CPU.Build.0 = Release|Any CPU
	EndGlobalSection
	GlobalSection(SolutionProperties) = preSolution
		HideSolutionNode = FALSE
	EndGlobalSection
	GlobalSection(ExtensibilityGlobals) = postSolution
		SolutionGuid = {F77669AA-43F5-4230-8FB0-D66604F71F18}
	EndGlobalSection
EndGlobal
